// !$*UTF8*$!
{
	archiveVersion = 1;
	classes = {
	};
	objectVersion = 56;
	objects = {

/* Begin PBXBuildFile section */
		3C3DA74929C9317C001E92A7 /* BeforeRegisterView.swift in Sources */ = {isa = PBXBuildFile; fileRef = 3C3DA74829C9317C001E92A7 /* BeforeRegisterView.swift */; };
		3C3DA74B29C93684001E92A7 /* RegisterView.swift in Sources */ = {isa = PBXBuildFile; fileRef = 3C3DA74A29C93684001E92A7 /* RegisterView.swift */; };
		3C3DA74D29C93F9A001E92A7 /* CheckView.swift in Sources */ = {isa = PBXBuildFile; fileRef = 3C3DA74C29C93F9A001E92A7 /* CheckView.swift */; };
		3C3DA74F29C9452D001E92A7 /* WaitingView.swift in Sources */ = {isa = PBXBuildFile; fileRef = 3C3DA74E29C9452D001E92A7 /* WaitingView.swift */; };
		3C3DA75129C94985001E92A7 /* FinishView.swift in Sources */ = {isa = PBXBuildFile; fileRef = 3C3DA75029C94985001E92A7 /* FinishView.swift */; };
		3C72124329D27699000D74FF /* notFound.gif in Resources */ = {isa = PBXBuildFile; fileRef = 3C72124229D27699000D74FF /* notFound.gif */; };
		3C72124529D279C3000D74FF /* GIFImage.swift in Sources */ = {isa = PBXBuildFile; fileRef = 3C72124429D279C3000D74FF /* GIFImage.swift */; };
		3C858FCA29C01450003A7704 /* RecommendView.swift in Sources */ = {isa = PBXBuildFile; fileRef = 3C858FC929C01450003A7704 /* RecommendView.swift */; };
		3C858FCC29C03529003A7704 /* WhenSleepView.swift in Sources */ = {isa = PBXBuildFile; fileRef = 3C858FCB29C03529003A7704 /* WhenSleepView.swift */; };
		3CFE4CF729C5A28A00BDDAF9 /* WhenStartView.swift in Sources */ = {isa = PBXBuildFile; fileRef = 3CFE4CF629C5A28A00BDDAF9 /* WhenStartView.swift */; };
		3CFE4CF929C5AA4800BDDAF9 /* WhenFinishView.swift in Sources */ = {isa = PBXBuildFile; fileRef = 3CFE4CF829C5AA4800BDDAF9 /* WhenFinishView.swift */; };
		404A6C0429AC7BC700DDE5B6 /* Theme.swift in Sources */ = {isa = PBXBuildFile; fileRef = 404A6C0329AC7BC700DDE5B6 /* Theme.swift */; };
		404A6C0929B605B300DDE5B6 /* ContentUtilsView.swift in Sources */ = {isa = PBXBuildFile; fileRef = 404A6C0829B605B200DDE5B6 /* ContentUtilsView.swift */; };
		404A6C0B29C2A20500DDE5B6 /* ScheduleUtilsView.swift in Sources */ = {isa = PBXBuildFile; fileRef = 404A6C0A29C2A20500DDE5B6 /* ScheduleUtilsView.swift */; };
		409F4E49291176F30065BC3F /* SleepAnalysisApp.swift in Sources */ = {isa = PBXBuildFile; fileRef = 409F4E48291176F30065BC3F /* SleepAnalysisApp.swift */; };
		409F4E4B291176F30065BC3F /* ContentView.swift in Sources */ = {isa = PBXBuildFile; fileRef = 409F4E4A291176F30065BC3F /* ContentView.swift */; };
		409F4E4D291176F50065BC3F /* Assets.xcassets in Resources */ = {isa = PBXBuildFile; fileRef = 409F4E4C291176F50065BC3F /* Assets.xcassets */; };
		409F4E5A291176F50065BC3F /* SleepAnalysisTests.swift in Sources */ = {isa = PBXBuildFile; fileRef = 409F4E59291176F50065BC3F /* SleepAnalysisTests.swift */; };
		409F4E64291176F50065BC3F /* SleepAnalysisUITests.swift in Sources */ = {isa = PBXBuildFile; fileRef = 409F4E63291176F50065BC3F /* SleepAnalysisUITests.swift */; };
		409F4E66291176F50065BC3F /* SleepAnalysisUITestsLaunchTests.swift in Sources */ = {isa = PBXBuildFile; fileRef = 409F4E65291176F50065BC3F /* SleepAnalysisUITestsLaunchTests.swift */; };
		40A350A82917D78000D3E80C /* MainView.swift in Sources */ = {isa = PBXBuildFile; fileRef = 40A350A72917D78000D3E80C /* MainView.swift */; };
		40A350AA2917D88600D3E80C /* ScheduleView.swift in Sources */ = {isa = PBXBuildFile; fileRef = 40A350A92917D88600D3E80C /* ScheduleView.swift */; };
		40A350AC2917DBAF00D3E80C /* SettingsView.swift in Sources */ = {isa = PBXBuildFile; fileRef = 40A350AB2917DBAF00D3E80C /* SettingsView.swift */; };
		40A350AF2917E2E200D3E80C /* CalendarKit in Frameworks */ = {isa = PBXBuildFile; productRef = 40A350AE2917E2E200D3E80C /* CalendarKit */; };
		40B3ECA6291DEAE4001C4C4B /* HealthKitAPI.swift in Sources */ = {isa = PBXBuildFile; fileRef = 40B3ECA5291DEAE3001C4C4B /* HealthKitAPI.swift */; };
		40C1A59B291CE093002EFFBB /* FakeAPI.swift in Sources */ = {isa = PBXBuildFile; fileRef = 40C1A59A291CE093002EFFBB /* FakeAPI.swift */; };
		40C619A6291D5D66009369BE /* PCRpredictionAPI.swift in Sources */ = {isa = PBXBuildFile; fileRef = 40C619A5291D5D66009369BE /* PCRpredictionAPI.swift */; };
		40C619A8291D6738009369BE /* PersistanceController.swift in Sources */ = {isa = PBXBuildFile; fileRef = 40C619A7291D6738009369BE /* PersistanceController.swift */; };
		40C619AB291D6979009369BE /* Main.xcdatamodeld in Sources */ = {isa = PBXBuildFile; fileRef = 40C619A9291D6979009369BE /* Main.xcdatamodeld */; };
/* End PBXBuildFile section */

/* Begin PBXContainerItemProxy section */
		409F4E56291176F50065BC3F /* PBXContainerItemProxy */ = {
			isa = PBXContainerItemProxy;
			containerPortal = 409F4E3D291176F30065BC3F /* Project object */;
			proxyType = 1;
			remoteGlobalIDString = 409F4E44291176F30065BC3F;
			remoteInfo = SleepAnalysis;
		};
		409F4E60291176F50065BC3F /* PBXContainerItemProxy */ = {
			isa = PBXContainerItemProxy;
			containerPortal = 409F4E3D291176F30065BC3F /* Project object */;
			proxyType = 1;
			remoteGlobalIDString = 409F4E44291176F30065BC3F;
			remoteInfo = SleepAnalysis;
		};
/* End PBXContainerItemProxy section */

/* Begin PBXFileReference section */
		3C3DA74829C9317C001E92A7 /* BeforeRegisterView.swift */ = {isa = PBXFileReference; lastKnownFileType = sourcecode.swift; path = BeforeRegisterView.swift; sourceTree = "<group>"; };
		3C3DA74A29C93684001E92A7 /* RegisterView.swift */ = {isa = PBXFileReference; lastKnownFileType = sourcecode.swift; path = RegisterView.swift; sourceTree = "<group>"; };
		3C3DA74C29C93F9A001E92A7 /* CheckView.swift */ = {isa = PBXFileReference; lastKnownFileType = sourcecode.swift; path = CheckView.swift; sourceTree = "<group>"; };
		3C3DA74E29C9452D001E92A7 /* WaitingView.swift */ = {isa = PBXFileReference; lastKnownFileType = sourcecode.swift; path = WaitingView.swift; sourceTree = "<group>"; };
		3C3DA75029C94985001E92A7 /* FinishView.swift */ = {isa = PBXFileReference; lastKnownFileType = sourcecode.swift; path = FinishView.swift; sourceTree = "<group>"; };
		3C72124229D27699000D74FF /* notFound.gif */ = {isa = PBXFileReference; lastKnownFileType = image.gif; name = notFound.gif; path = ../../../../Downloads/notFound.gif; sourceTree = "<group>"; };
		3C72124429D279C3000D74FF /* GIFImage.swift */ = {isa = PBXFileReference; lastKnownFileType = sourcecode.swift; path = GIFImage.swift; sourceTree = "<group>"; };
		3C858FC929C01450003A7704 /* RecommendView.swift */ = {isa = PBXFileReference; lastKnownFileType = sourcecode.swift; path = RecommendView.swift; sourceTree = "<group>"; };
		3C858FCB29C03529003A7704 /* WhenSleepView.swift */ = {isa = PBXFileReference; lastKnownFileType = sourcecode.swift; path = WhenSleepView.swift; sourceTree = "<group>"; };
		3CFE4CF629C5A28A00BDDAF9 /* WhenStartView.swift */ = {isa = PBXFileReference; fileEncoding = 4; lastKnownFileType = sourcecode.swift; path = WhenStartView.swift; sourceTree = "<group>"; };
		3CFE4CF829C5AA4800BDDAF9 /* WhenFinishView.swift */ = {isa = PBXFileReference; fileEncoding = 4; lastKnownFileType = sourcecode.swift; path = WhenFinishView.swift; sourceTree = "<group>"; };
		404A6C0329AC7BC700DDE5B6 /* Theme.swift */ = {isa = PBXFileReference; lastKnownFileType = sourcecode.swift; path = Theme.swift; sourceTree = "<group>"; };
		404A6C0829B605B200DDE5B6 /* ContentUtilsView.swift */ = {isa = PBXFileReference; lastKnownFileType = sourcecode.swift; path = ContentUtilsView.swift; sourceTree = "<group>"; };
		404A6C0A29C2A20500DDE5B6 /* ScheduleUtilsView.swift */ = {isa = PBXFileReference; lastKnownFileType = sourcecode.swift; path = ScheduleUtilsView.swift; sourceTree = "<group>"; };
		409F4E45291176F30065BC3F /* SleepAnalysis.app */ = {isa = PBXFileReference; explicitFileType = wrapper.application; includeInIndex = 0; path = SleepAnalysis.app; sourceTree = BUILT_PRODUCTS_DIR; };
		409F4E48291176F30065BC3F /* SleepAnalysisApp.swift */ = {isa = PBXFileReference; lastKnownFileType = sourcecode.swift; path = SleepAnalysisApp.swift; sourceTree = "<group>"; };
		409F4E4A291176F30065BC3F /* ContentView.swift */ = {isa = PBXFileReference; lastKnownFileType = sourcecode.swift; path = ContentView.swift; sourceTree = "<group>"; };
		409F4E4C291176F50065BC3F /* Assets.xcassets */ = {isa = PBXFileReference; lastKnownFileType = folder.assetcatalog; path = Assets.xcassets; sourceTree = "<group>"; };
		409F4E55291176F50065BC3F /* SleepAnalysisTests.xctest */ = {isa = PBXFileReference; explicitFileType = wrapper.cfbundle; includeInIndex = 0; path = SleepAnalysisTests.xctest; sourceTree = BUILT_PRODUCTS_DIR; };
		409F4E59291176F50065BC3F /* SleepAnalysisTests.swift */ = {isa = PBXFileReference; lastKnownFileType = sourcecode.swift; path = SleepAnalysisTests.swift; sourceTree = "<group>"; };
		409F4E5F291176F50065BC3F /* SleepAnalysisUITests.xctest */ = {isa = PBXFileReference; explicitFileType = wrapper.cfbundle; includeInIndex = 0; path = SleepAnalysisUITests.xctest; sourceTree = BUILT_PRODUCTS_DIR; };
		409F4E63291176F50065BC3F /* SleepAnalysisUITests.swift */ = {isa = PBXFileReference; lastKnownFileType = sourcecode.swift; path = SleepAnalysisUITests.swift; sourceTree = "<group>"; };
		409F4E65291176F50065BC3F /* SleepAnalysisUITestsLaunchTests.swift */ = {isa = PBXFileReference; lastKnownFileType = sourcecode.swift; path = SleepAnalysisUITestsLaunchTests.swift; sourceTree = "<group>"; };
		40A350A72917D78000D3E80C /* MainView.swift */ = {isa = PBXFileReference; lastKnownFileType = sourcecode.swift; path = MainView.swift; sourceTree = "<group>"; };
		40A350A92917D88600D3E80C /* ScheduleView.swift */ = {isa = PBXFileReference; lastKnownFileType = sourcecode.swift; path = ScheduleView.swift; sourceTree = "<group>"; };
		40A350AB2917DBAF00D3E80C /* SettingsView.swift */ = {isa = PBXFileReference; lastKnownFileType = sourcecode.swift; path = SettingsView.swift; sourceTree = "<group>"; };
		40B3ECA4291DE958001C4C4B /* SleepAnalysis.entitlements */ = {isa = PBXFileReference; lastKnownFileType = text.plist.entitlements; path = SleepAnalysis.entitlements; sourceTree = "<group>"; };
		40B3ECA5291DEAE3001C4C4B /* HealthKitAPI.swift */ = {isa = PBXFileReference; lastKnownFileType = sourcecode.swift; path = HealthKitAPI.swift; sourceTree = "<group>"; };
		40B3ECA7291DECEB001C4C4B /* Info.plist */ = {isa = PBXFileReference; lastKnownFileType = text.plist; path = Info.plist; sourceTree = "<group>"; };
		40C1A59A291CE093002EFFBB /* FakeAPI.swift */ = {isa = PBXFileReference; lastKnownFileType = sourcecode.swift; path = FakeAPI.swift; sourceTree = "<group>"; };
		40C619A5291D5D66009369BE /* PCRpredictionAPI.swift */ = {isa = PBXFileReference; lastKnownFileType = sourcecode.swift; path = PCRpredictionAPI.swift; sourceTree = "<group>"; };
		40C619A7291D6738009369BE /* PersistanceController.swift */ = {isa = PBXFileReference; lastKnownFileType = sourcecode.swift; path = PersistanceController.swift; sourceTree = "<group>"; };
		40C619AA291D6979009369BE /* Main.xcdatamodel */ = {isa = PBXFileReference; lastKnownFileType = wrapper.xcdatamodel; path = Main.xcdatamodel; sourceTree = "<group>"; };
/* End PBXFileReference section */

/* Begin PBXFrameworksBuildPhase section */
		409F4E42291176F30065BC3F /* Frameworks */ = {
			isa = PBXFrameworksBuildPhase;
			buildActionMask = 2147483647;
			files = (
				40A350AF2917E2E200D3E80C /* CalendarKit in Frameworks */,
			);
			runOnlyForDeploymentPostprocessing = 0;
		};
		409F4E52291176F50065BC3F /* Frameworks */ = {
			isa = PBXFrameworksBuildPhase;
			buildActionMask = 2147483647;
			files = (
			);
			runOnlyForDeploymentPostprocessing = 0;
		};
		409F4E5C291176F50065BC3F /* Frameworks */ = {
			isa = PBXFrameworksBuildPhase;
			buildActionMask = 2147483647;
			files = (
			);
			runOnlyForDeploymentPostprocessing = 0;
		};
/* End PBXFrameworksBuildPhase section */

/* Begin PBXGroup section */
		404A6C0229AC7BB500DDE5B6 /* Models */ = {
			isa = PBXGroup;
			children = (
				404A6C0329AC7BC700DDE5B6 /* Theme.swift */,
			);
			path = Models;
			sourceTree = "<group>";
		};
		404A6C0729B1DF5400DDE5B6 /* Preview Content */ = {
			isa = PBXGroup;
			children = (
			);
			path = "Preview Content";
			sourceTree = "<group>";
		};
		409F4E3C291176F30065BC3F = {
			isa = PBXGroup;
			children = (
				409F4E47291176F30065BC3F /* SleepAnalysis */,
				409F4E58291176F50065BC3F /* SleepAnalysisTests */,
				409F4E62291176F50065BC3F /* SleepAnalysisUITests */,
				409F4E46291176F30065BC3F /* Products */,
			);
			sourceTree = "<group>";
		};
		409F4E46291176F30065BC3F /* Products */ = {
			isa = PBXGroup;
			children = (
				409F4E45291176F30065BC3F /* SleepAnalysis.app */,
				409F4E55291176F50065BC3F /* SleepAnalysisTests.xctest */,
				409F4E5F291176F50065BC3F /* SleepAnalysisUITests.xctest */,
			);
			name = Products;
			sourceTree = "<group>";
		};
		409F4E47291176F30065BC3F /* SleepAnalysis */ = {
			isa = PBXGroup;
			children = (
				404A6C0729B1DF5400DDE5B6 /* Preview Content */,
				404A6C0229AC7BB500DDE5B6 /* Models */,
				40B3ECA7291DECEB001C4C4B /* Info.plist */,
				40B3ECA4291DE958001C4C4B /* SleepAnalysis.entitlements */,
				409F4E48291176F30065BC3F /* SleepAnalysisApp.swift */,
				409F4E4A291176F30065BC3F /* ContentView.swift */,
				404A6C0829B605B200DDE5B6 /* ContentUtilsView.swift */,
				3C72124229D27699000D74FF /* notFound.gif */,
				409F4E4C291176F50065BC3F /* Assets.xcassets */,
				3C3DA74829C9317C001E92A7 /* BeforeRegisterView.swift */,
				3C3DA74A29C93684001E92A7 /* RegisterView.swift */,
				3C3DA74C29C93F9A001E92A7 /* CheckView.swift */,
				3C3DA74E29C9452D001E92A7 /* WaitingView.swift */,
				3C3DA75029C94985001E92A7 /* FinishView.swift */,
				40A350A72917D78000D3E80C /* MainView.swift */,
				40A350A92917D88600D3E80C /* ScheduleView.swift */,
				404A6C0A29C2A20500DDE5B6 /* ScheduleUtilsView.swift */,
				3C858FC929C01450003A7704 /* RecommendView.swift */,
				3C72124429D279C3000D74FF /* GIFImage.swift */,
				3C858FCB29C03529003A7704 /* WhenSleepView.swift */,
				3CFE4CF629C5A28A00BDDAF9 /* WhenStartView.swift */,
				3CFE4CF829C5AA4800BDDAF9 /* WhenFinishView.swift */,
				40A350AB2917DBAF00D3E80C /* SettingsView.swift */,
				40C1A59C291CE155002EFFBB /* API */,
				40C619A7291D6738009369BE /* PersistanceController.swift */,
				40C619A9291D6979009369BE /* Main.xcdatamodeld */,
			);
			path = SleepAnalysis;
			sourceTree = "<group>";
		};
		409F4E58291176F50065BC3F /* SleepAnalysisTests */ = {
			isa = PBXGroup;
			children = (
				409F4E59291176F50065BC3F /* SleepAnalysisTests.swift */,
			);
			path = SleepAnalysisTests;
			sourceTree = "<group>";
		};
		409F4E62291176F50065BC3F /* SleepAnalysisUITests */ = {
			isa = PBXGroup;
			children = (
				409F4E63291176F50065BC3F /* SleepAnalysisUITests.swift */,
				409F4E65291176F50065BC3F /* SleepAnalysisUITestsLaunchTests.swift */,
			);
			path = SleepAnalysisUITests;
			sourceTree = "<group>";
		};
		40C1A59C291CE155002EFFBB /* API */ = {
			isa = PBXGroup;
			children = (
				40C1A59A291CE093002EFFBB /* FakeAPI.swift */,
				40C619A5291D5D66009369BE /* PCRpredictionAPI.swift */,
				40B3ECA5291DEAE3001C4C4B /* HealthKitAPI.swift */,
			);
			path = API;
			sourceTree = "<group>";
		};
/* End PBXGroup section */

/* Begin PBXNativeTarget section */
		409F4E44291176F30065BC3F /* SleepAnalysis */ = {
			isa = PBXNativeTarget;
			buildConfigurationList = 409F4E69291176F50065BC3F /* Build configuration list for PBXNativeTarget "SleepAnalysis" */;
			buildPhases = (
				409F4E41291176F30065BC3F /* Sources */,
				409F4E42291176F30065BC3F /* Frameworks */,
				409F4E43291176F30065BC3F /* Resources */,
			);
			buildRules = (
			);
			dependencies = (
			);
			name = SleepAnalysis;
			packageProductDependencies = (
				40A350AE2917E2E200D3E80C /* CalendarKit */,
			);
			productName = SleepAnalysis;
			productReference = 409F4E45291176F30065BC3F /* SleepAnalysis.app */;
			productType = "com.apple.product-type.application";
		};
		409F4E54291176F50065BC3F /* SleepAnalysisTests */ = {
			isa = PBXNativeTarget;
			buildConfigurationList = 409F4E6C291176F50065BC3F /* Build configuration list for PBXNativeTarget "SleepAnalysisTests" */;
			buildPhases = (
				409F4E51291176F50065BC3F /* Sources */,
				409F4E52291176F50065BC3F /* Frameworks */,
				409F4E53291176F50065BC3F /* Resources */,
			);
			buildRules = (
			);
			dependencies = (
				409F4E57291176F50065BC3F /* PBXTargetDependency */,
			);
			name = SleepAnalysisTests;
			productName = SleepAnalysisTests;
			productReference = 409F4E55291176F50065BC3F /* SleepAnalysisTests.xctest */;
			productType = "com.apple.product-type.bundle.unit-test";
		};
		409F4E5E291176F50065BC3F /* SleepAnalysisUITests */ = {
			isa = PBXNativeTarget;
			buildConfigurationList = 409F4E6F291176F50065BC3F /* Build configuration list for PBXNativeTarget "SleepAnalysisUITests" */;
			buildPhases = (
				409F4E5B291176F50065BC3F /* Sources */,
				409F4E5C291176F50065BC3F /* Frameworks */,
				409F4E5D291176F50065BC3F /* Resources */,
			);
			buildRules = (
			);
			dependencies = (
				409F4E61291176F50065BC3F /* PBXTargetDependency */,
			);
			name = SleepAnalysisUITests;
			productName = SleepAnalysisUITests;
			productReference = 409F4E5F291176F50065BC3F /* SleepAnalysisUITests.xctest */;
			productType = "com.apple.product-type.bundle.ui-testing";
		};
/* End PBXNativeTarget section */

/* Begin PBXProject section */
		409F4E3D291176F30065BC3F /* Project object */ = {
			isa = PBXProject;
			attributes = {
				BuildIndependentTargetsInParallel = 1;
				LastSwiftUpdateCheck = 1400;
				LastUpgradeCheck = 1400;
				TargetAttributes = {
					409F4E44291176F30065BC3F = {
						CreatedOnToolsVersion = 14.0.1;
					};
					409F4E54291176F50065BC3F = {
						CreatedOnToolsVersion = 14.0.1;
						TestTargetID = 409F4E44291176F30065BC3F;
					};
					409F4E5E291176F50065BC3F = {
						CreatedOnToolsVersion = 14.0.1;
						TestTargetID = 409F4E44291176F30065BC3F;
					};
				};
			};
			buildConfigurationList = 409F4E40291176F30065BC3F /* Build configuration list for PBXProject "SleepAnalysis" */;
			compatibilityVersion = "Xcode 14.0";
			developmentRegion = en;
			hasScannedForEncodings = 0;
			knownRegions = (
				en,
				Base,
			);
			mainGroup = 409F4E3C291176F30065BC3F;
			packageReferences = (
				40A350AD2917E2E200D3E80C /* XCRemoteSwiftPackageReference "CalendarKit" */,
				3C72123F29D275EA000D74FF /* XCRemoteSwiftPackageReference "Gifu" */,
			);
			productRefGroup = 409F4E46291176F30065BC3F /* Products */;
			projectDirPath = "";
			projectRoot = "";
			targets = (
				409F4E44291176F30065BC3F /* SleepAnalysis */,
				409F4E54291176F50065BC3F /* SleepAnalysisTests */,
				409F4E5E291176F50065BC3F /* SleepAnalysisUITests */,
			);
		};
/* End PBXProject section */

/* Begin PBXResourcesBuildPhase section */
		409F4E43291176F30065BC3F /* Resources */ = {
			isa = PBXResourcesBuildPhase;
			buildActionMask = 2147483647;
			files = (
				3C72124329D27699000D74FF /* notFound.gif in Resources */,
				409F4E4D291176F50065BC3F /* Assets.xcassets in Resources */,
			);
			runOnlyForDeploymentPostprocessing = 0;
		};
		409F4E53291176F50065BC3F /* Resources */ = {
			isa = PBXResourcesBuildPhase;
			buildActionMask = 2147483647;
			files = (
			);
			runOnlyForDeploymentPostprocessing = 0;
		};
		409F4E5D291176F50065BC3F /* Resources */ = {
			isa = PBXResourcesBuildPhase;
			buildActionMask = 2147483647;
			files = (
			);
			runOnlyForDeploymentPostprocessing = 0;
		};
/* End PBXResourcesBuildPhase section */

/* Begin PBXSourcesBuildPhase section */
		409F4E41291176F30065BC3F /* Sources */ = {
			isa = PBXSourcesBuildPhase;
			buildActionMask = 2147483647;
			files = (
				3C858FCC29C03529003A7704 /* WhenSleepView.swift in Sources */,
				404A6C0929B605B300DDE5B6 /* ContentUtilsView.swift in Sources */,
				40C619AB291D6979009369BE /* Main.xcdatamodeld in Sources */,
				40C619A6291D5D66009369BE /* PCRpredictionAPI.swift in Sources */,
				3CFE4CF729C5A28A00BDDAF9 /* WhenStartView.swift in Sources */,
				40A350AC2917DBAF00D3E80C /* SettingsView.swift in Sources */,
				3C3DA74F29C9452D001E92A7 /* WaitingView.swift in Sources */,
				40B3ECA6291DEAE4001C4C4B /* HealthKitAPI.swift in Sources */,
				404A6C0429AC7BC700DDE5B6 /* Theme.swift in Sources */,
				404A6C0B29C2A20500DDE5B6 /* ScheduleUtilsView.swift in Sources */,
				409F4E4B291176F30065BC3F /* ContentView.swift in Sources */,
				3C3DA74B29C93684001E92A7 /* RegisterView.swift in Sources */,
				40C619A8291D6738009369BE /* PersistanceController.swift in Sources */,
				40A350AA2917D88600D3E80C /* ScheduleView.swift in Sources */,
				40A350A82917D78000D3E80C /* MainView.swift in Sources */,
				3C3DA75129C94985001E92A7 /* FinishView.swift in Sources */,
				3C72124529D279C3000D74FF /* GIFImage.swift in Sources */,
				409F4E49291176F30065BC3F /* SleepAnalysisApp.swift in Sources */,
				3CFE4CF929C5AA4800BDDAF9 /* WhenFinishView.swift in Sources */,
				40C1A59B291CE093002EFFBB /* FakeAPI.swift in Sources */,
				3C3DA74D29C93F9A001E92A7 /* CheckView.swift in Sources */,
				3C858FCA29C01450003A7704 /* RecommendView.swift in Sources */,
				3C3DA74929C9317C001E92A7 /* BeforeRegisterView.swift in Sources */,
			);
			runOnlyForDeploymentPostprocessing = 0;
		};
		409F4E51291176F50065BC3F /* Sources */ = {
			isa = PBXSourcesBuildPhase;
			buildActionMask = 2147483647;
			files = (
				409F4E5A291176F50065BC3F /* SleepAnalysisTests.swift in Sources */,
			);
			runOnlyForDeploymentPostprocessing = 0;
		};
		409F4E5B291176F50065BC3F /* Sources */ = {
			isa = PBXSourcesBuildPhase;
			buildActionMask = 2147483647;
			files = (
				409F4E66291176F50065BC3F /* SleepAnalysisUITestsLaunchTests.swift in Sources */,
				409F4E64291176F50065BC3F /* SleepAnalysisUITests.swift in Sources */,
			);
			runOnlyForDeploymentPostprocessing = 0;
		};
/* End PBXSourcesBuildPhase section */

/* Begin PBXTargetDependency section */
		409F4E57291176F50065BC3F /* PBXTargetDependency */ = {
			isa = PBXTargetDependency;
			target = 409F4E44291176F30065BC3F /* SleepAnalysis */;
			targetProxy = 409F4E56291176F50065BC3F /* PBXContainerItemProxy */;
		};
		409F4E61291176F50065BC3F /* PBXTargetDependency */ = {
			isa = PBXTargetDependency;
			target = 409F4E44291176F30065BC3F /* SleepAnalysis */;
			targetProxy = 409F4E60291176F50065BC3F /* PBXContainerItemProxy */;
		};
/* End PBXTargetDependency section */

/* Begin XCBuildConfiguration section */
		409F4E67291176F50065BC3F /* Debug */ = {
			isa = XCBuildConfiguration;
			buildSettings = {
				ALWAYS_SEARCH_USER_PATHS = NO;
				CLANG_ANALYZER_NONNULL = YES;
				CLANG_ANALYZER_NUMBER_OBJECT_CONVERSION = YES_AGGRESSIVE;
				CLANG_CXX_LANGUAGE_STANDARD = "gnu++20";
				CLANG_ENABLE_MODULES = YES;
				CLANG_ENABLE_OBJC_ARC = YES;
				CLANG_ENABLE_OBJC_WEAK = YES;
				CLANG_WARN_BLOCK_CAPTURE_AUTORELEASING = YES;
				CLANG_WARN_BOOL_CONVERSION = YES;
				CLANG_WARN_COMMA = YES;
				CLANG_WARN_CONSTANT_CONVERSION = YES;
				CLANG_WARN_DEPRECATED_OBJC_IMPLEMENTATIONS = YES;
				CLANG_WARN_DIRECT_OBJC_ISA_USAGE = YES_ERROR;
				CLANG_WARN_DOCUMENTATION_COMMENTS = YES;
				CLANG_WARN_EMPTY_BODY = YES;
				CLANG_WARN_ENUM_CONVERSION = YES;
				CLANG_WARN_INFINITE_RECURSION = YES;
				CLANG_WARN_INT_CONVERSION = YES;
				CLANG_WARN_NON_LITERAL_NULL_CONVERSION = YES;
				CLANG_WARN_OBJC_IMPLICIT_RETAIN_SELF = YES;
				CLANG_WARN_OBJC_LITERAL_CONVERSION = YES;
				CLANG_WARN_OBJC_ROOT_CLASS = YES_ERROR;
				CLANG_WARN_QUOTED_INCLUDE_IN_FRAMEWORK_HEADER = YES;
				CLANG_WARN_RANGE_LOOP_ANALYSIS = YES;
				CLANG_WARN_STRICT_PROTOTYPES = YES;
				CLANG_WARN_SUSPICIOUS_MOVE = YES;
				CLANG_WARN_UNGUARDED_AVAILABILITY = YES_AGGRESSIVE;
				CLANG_WARN_UNREACHABLE_CODE = YES;
				CLANG_WARN__DUPLICATE_METHOD_MATCH = YES;
				COPY_PHASE_STRIP = NO;
				DEBUG_INFORMATION_FORMAT = dwarf;
				ENABLE_STRICT_OBJC_MSGSEND = YES;
				ENABLE_TESTABILITY = YES;
				GCC_C_LANGUAGE_STANDARD = gnu11;
				GCC_DYNAMIC_NO_PIC = NO;
				GCC_NO_COMMON_BLOCKS = YES;
				GCC_OPTIMIZATION_LEVEL = 0;
				GCC_PREPROCESSOR_DEFINITIONS = (
					"DEBUG=1",
					"$(inherited)",
				);
				GCC_WARN_64_TO_32_BIT_CONVERSION = YES;
				GCC_WARN_ABOUT_RETURN_TYPE = YES_ERROR;
				GCC_WARN_UNDECLARED_SELECTOR = YES;
				GCC_WARN_UNINITIALIZED_AUTOS = YES_AGGRESSIVE;
				GCC_WARN_UNUSED_FUNCTION = YES;
				GCC_WARN_UNUSED_VARIABLE = YES;
				IPHONEOS_DEPLOYMENT_TARGET = 16.0;
				MTL_ENABLE_DEBUG_INFO = INCLUDE_SOURCE;
				MTL_FAST_MATH = YES;
				ONLY_ACTIVE_ARCH = YES;
				SDKROOT = iphoneos;
				SWIFT_ACTIVE_COMPILATION_CONDITIONS = DEBUG;
				SWIFT_OPTIMIZATION_LEVEL = "-Onone";
			};
			name = Debug;
		};
		409F4E68291176F50065BC3F /* Release */ = {
			isa = XCBuildConfiguration;
			buildSettings = {
				ALWAYS_SEARCH_USER_PATHS = NO;
				CLANG_ANALYZER_NONNULL = YES;
				CLANG_ANALYZER_NUMBER_OBJECT_CONVERSION = YES_AGGRESSIVE;
				CLANG_CXX_LANGUAGE_STANDARD = "gnu++20";
				CLANG_ENABLE_MODULES = YES;
				CLANG_ENABLE_OBJC_ARC = YES;
				CLANG_ENABLE_OBJC_WEAK = YES;
				CLANG_WARN_BLOCK_CAPTURE_AUTORELEASING = YES;
				CLANG_WARN_BOOL_CONVERSION = YES;
				CLANG_WARN_COMMA = YES;
				CLANG_WARN_CONSTANT_CONVERSION = YES;
				CLANG_WARN_DEPRECATED_OBJC_IMPLEMENTATIONS = YES;
				CLANG_WARN_DIRECT_OBJC_ISA_USAGE = YES_ERROR;
				CLANG_WARN_DOCUMENTATION_COMMENTS = YES;
				CLANG_WARN_EMPTY_BODY = YES;
				CLANG_WARN_ENUM_CONVERSION = YES;
				CLANG_WARN_INFINITE_RECURSION = YES;
				CLANG_WARN_INT_CONVERSION = YES;
				CLANG_WARN_NON_LITERAL_NULL_CONVERSION = YES;
				CLANG_WARN_OBJC_IMPLICIT_RETAIN_SELF = YES;
				CLANG_WARN_OBJC_LITERAL_CONVERSION = YES;
				CLANG_WARN_OBJC_ROOT_CLASS = YES_ERROR;
				CLANG_WARN_QUOTED_INCLUDE_IN_FRAMEWORK_HEADER = YES;
				CLANG_WARN_RANGE_LOOP_ANALYSIS = YES;
				CLANG_WARN_STRICT_PROTOTYPES = YES;
				CLANG_WARN_SUSPICIOUS_MOVE = YES;
				CLANG_WARN_UNGUARDED_AVAILABILITY = YES_AGGRESSIVE;
				CLANG_WARN_UNREACHABLE_CODE = YES;
				CLANG_WARN__DUPLICATE_METHOD_MATCH = YES;
				COPY_PHASE_STRIP = NO;
				DEBUG_INFORMATION_FORMAT = "dwarf-with-dsym";
				ENABLE_NS_ASSERTIONS = NO;
				ENABLE_STRICT_OBJC_MSGSEND = YES;
				GCC_C_LANGUAGE_STANDARD = gnu11;
				GCC_NO_COMMON_BLOCKS = YES;
				GCC_WARN_64_TO_32_BIT_CONVERSION = YES;
				GCC_WARN_ABOUT_RETURN_TYPE = YES_ERROR;
				GCC_WARN_UNDECLARED_SELECTOR = YES;
				GCC_WARN_UNINITIALIZED_AUTOS = YES_AGGRESSIVE;
				GCC_WARN_UNUSED_FUNCTION = YES;
				GCC_WARN_UNUSED_VARIABLE = YES;
				IPHONEOS_DEPLOYMENT_TARGET = 16.0;
				MTL_ENABLE_DEBUG_INFO = NO;
				MTL_FAST_MATH = YES;
				SDKROOT = iphoneos;
				SWIFT_COMPILATION_MODE = wholemodule;
				SWIFT_OPTIMIZATION_LEVEL = "-O";
				VALIDATE_PRODUCT = YES;
			};
			name = Release;
		};
		409F4E6A291176F50065BC3F /* Debug */ = {
			isa = XCBuildConfiguration;
			buildSettings = {
				ASSETCATALOG_COMPILER_APPICON_NAME = AppIcon;
				ASSETCATALOG_COMPILER_GLOBAL_ACCENT_COLOR_NAME = AccentColor;
				CODE_SIGN_ENTITLEMENTS = SleepAnalysis/SleepAnalysis.entitlements;
				CODE_SIGN_STYLE = Automatic;
				CURRENT_PROJECT_VERSION = 1;
				DEVELOPMENT_ASSET_PATHS = "\"SleepAnalysis/Preview Content\"";
				DEVELOPMENT_TEAM = C8YK7SXBP4;
				ENABLE_PREVIEWS = YES;
				GENERATE_INFOPLIST_FILE = YES;
				INFOPLIST_FILE = SleepAnalysis/Info.plist;
				INFOPLIST_KEY_NSHealthClinicalHealthRecordsShareUsageDescription = "\"Please allow SleepApp to record your Health Data\"";
				INFOPLIST_KEY_NSHealthShareUsageDescription = "\"Please share your Health Data\"";
				INFOPLIST_KEY_NSHealthUpdateUsageDescription = "\"Please allow SleepApp to update your Health Data\"";
				INFOPLIST_KEY_UIApplicationSceneManifest_Generation = YES;
				INFOPLIST_KEY_UIApplicationSupportsIndirectInputEvents = YES;
				INFOPLIST_KEY_UILaunchScreen_Generation = YES;
				INFOPLIST_KEY_UISupportedInterfaceOrientations_iPad = "UIInterfaceOrientationPortrait UIInterfaceOrientationPortraitUpsideDown UIInterfaceOrientationLandscapeLeft UIInterfaceOrientationLandscapeRight";
				INFOPLIST_KEY_UISupportedInterfaceOrientations_iPhone = "UIInterfaceOrientationPortrait UIInterfaceOrientationLandscapeLeft UIInterfaceOrientationLandscapeRight";
				LD_RUNPATH_SEARCH_PATHS = (
					"$(inherited)",
					"@executable_path/Frameworks",
				);
				MARKETING_VERSION = 1.0;
				PRODUCT_BUNDLE_IDENTIFIER = IBS.SleepAnalysis;
				PRODUCT_NAME = "$(TARGET_NAME)";
				SWIFT_EMIT_LOC_STRINGS = YES;
				SWIFT_VERSION = 5.0;
				TARGETED_DEVICE_FAMILY = "1,2";
			};
			name = Debug;
		};
		409F4E6B291176F50065BC3F /* Release */ = {
			isa = XCBuildConfiguration;
			buildSettings = {
				ASSETCATALOG_COMPILER_APPICON_NAME = AppIcon;
				ASSETCATALOG_COMPILER_GLOBAL_ACCENT_COLOR_NAME = AccentColor;
				CODE_SIGN_ENTITLEMENTS = SleepAnalysis/SleepAnalysis.entitlements;
				CODE_SIGN_IDENTITY = "Apple Development";
				CODE_SIGN_STYLE = Automatic;
				CURRENT_PROJECT_VERSION = 1;
				DEVELOPMENT_ASSET_PATHS = "\"SleepAnalysis/Preview Content\"";
				DEVELOPMENT_TEAM = C8YK7SXBP4;
				ENABLE_PREVIEWS = YES;
				GENERATE_INFOPLIST_FILE = YES;
				INFOPLIST_FILE = SleepAnalysis/Info.plist;
				INFOPLIST_KEY_NSHealthClinicalHealthRecordsShareUsageDescription = "\"Please allow SleepApp to record your Health Data\"";
				INFOPLIST_KEY_NSHealthShareUsageDescription = "\"Please share your Health Data\"";
				INFOPLIST_KEY_NSHealthUpdateUsageDescription = "\"Please allow SleepApp to update your Health Data\"";
				INFOPLIST_KEY_UIApplicationSceneManifest_Generation = YES;
				INFOPLIST_KEY_UIApplicationSupportsIndirectInputEvents = YES;
				INFOPLIST_KEY_UILaunchScreen_Generation = YES;
				INFOPLIST_KEY_UISupportedInterfaceOrientations_iPad = "UIInterfaceOrientationPortrait UIInterfaceOrientationPortraitUpsideDown UIInterfaceOrientationLandscapeLeft UIInterfaceOrientationLandscapeRight";
				INFOPLIST_KEY_UISupportedInterfaceOrientations_iPhone = "UIInterfaceOrientationPortrait UIInterfaceOrientationLandscapeLeft UIInterfaceOrientationLandscapeRight";
				LD_RUNPATH_SEARCH_PATHS = (
					"$(inherited)",
					"@executable_path/Frameworks",
				);
				MARKETING_VERSION = 1.0;
				PRODUCT_BUNDLE_IDENTIFIER = IBS.SleepAnalysis;
				PRODUCT_NAME = "$(TARGET_NAME)";
				PROVISIONING_PROFILE_SPECIFIER = "";
				SWIFT_EMIT_LOC_STRINGS = YES;
				SWIFT_VERSION = 5.0;
				TARGETED_DEVICE_FAMILY = "1,2";
			};
			name = Release;
		};
		409F4E6D291176F50065BC3F /* Debug */ = {
			isa = XCBuildConfiguration;
			buildSettings = {
				ALWAYS_EMBED_SWIFT_STANDARD_LIBRARIES = YES;
				BUNDLE_LOADER = "$(TEST_HOST)";
				CODE_SIGN_STYLE = Automatic;
				CURRENT_PROJECT_VERSION = 1;
				DEVELOPMENT_TEAM = C8YK7SXBP4;
				GENERATE_INFOPLIST_FILE = YES;
				IPHONEOS_DEPLOYMENT_TARGET = 16.0;
				MARKETING_VERSION = 1.0;
				PRODUCT_BUNDLE_IDENTIFIER = IBS.SleepAnalysisTests;
				PRODUCT_NAME = "$(TARGET_NAME)";
				SWIFT_EMIT_LOC_STRINGS = NO;
				SWIFT_VERSION = 5.0;
				TARGETED_DEVICE_FAMILY = "1,2";
				TEST_HOST = "$(BUILT_PRODUCTS_DIR)/SleepAnalysis.app/$(BUNDLE_EXECUTABLE_FOLDER_PATH)/SleepAnalysis";
			};
			name = Debug;
		};
		409F4E6E291176F50065BC3F /* Release */ = {
			isa = XCBuildConfiguration;
			buildSettings = {
				ALWAYS_EMBED_SWIFT_STANDARD_LIBRARIES = YES;
				BUNDLE_LOADER = "$(TEST_HOST)";
				CODE_SIGN_STYLE = Automatic;
				CURRENT_PROJECT_VERSION = 1;
				DEVELOPMENT_TEAM = C8YK7SXBP4;
				GENERATE_INFOPLIST_FILE = YES;
				IPHONEOS_DEPLOYMENT_TARGET = 16.0;
				MARKETING_VERSION = 1.0;
				PRODUCT_BUNDLE_IDENTIFIER = IBS.SleepAnalysisTests;
				PRODUCT_NAME = "$(TARGET_NAME)";
				SWIFT_EMIT_LOC_STRINGS = NO;
				SWIFT_VERSION = 5.0;
				TARGETED_DEVICE_FAMILY = "1,2";
				TEST_HOST = "$(BUILT_PRODUCTS_DIR)/SleepAnalysis.app/$(BUNDLE_EXECUTABLE_FOLDER_PATH)/SleepAnalysis";
			};
			name = Release;
		};
		409F4E70291176F50065BC3F /* Debug */ = {
			isa = XCBuildConfiguration;
			buildSettings = {
				ALWAYS_EMBED_SWIFT_STANDARD_LIBRARIES = YES;
				CODE_SIGN_STYLE = Automatic;
				CURRENT_PROJECT_VERSION = 1;
				DEVELOPMENT_TEAM = C8YK7SXBP4;
				GENERATE_INFOPLIST_FILE = YES;
				MARKETING_VERSION = 1.0;
				PRODUCT_BUNDLE_IDENTIFIER = IBS.SleepAnalysisUITests;
				PRODUCT_NAME = "$(TARGET_NAME)";
				SWIFT_EMIT_LOC_STRINGS = NO;
				SWIFT_VERSION = 5.0;
				TARGETED_DEVICE_FAMILY = "1,2";
				TEST_TARGET_NAME = SleepAnalysis;
			};
			name = Debug;
		};
		409F4E71291176F50065BC3F /* Release */ = {
			isa = XCBuildConfiguration;
			buildSettings = {
				ALWAYS_EMBED_SWIFT_STANDARD_LIBRARIES = YES;
				CODE_SIGN_STYLE = Automatic;
				CURRENT_PROJECT_VERSION = 1;
				DEVELOPMENT_TEAM = C8YK7SXBP4;
				GENERATE_INFOPLIST_FILE = YES;
				MARKETING_VERSION = 1.0;
				PRODUCT_BUNDLE_IDENTIFIER = IBS.SleepAnalysisUITests;
				PRODUCT_NAME = "$(TARGET_NAME)";
				SWIFT_EMIT_LOC_STRINGS = NO;
				SWIFT_VERSION = 5.0;
				TARGETED_DEVICE_FAMILY = "1,2";
				TEST_TARGET_NAME = SleepAnalysis;
			};
			name = Release;
		};
/* End XCBuildConfiguration section */

/* Begin XCConfigurationList section */
		409F4E40291176F30065BC3F /* Build configuration list for PBXProject "SleepAnalysis" */ = {
			isa = XCConfigurationList;
			buildConfigurations = (
				409F4E67291176F50065BC3F /* Debug */,
				409F4E68291176F50065BC3F /* Release */,
			);
			defaultConfigurationIsVisible = 0;
			defaultConfigurationName = Release;
		};
		409F4E69291176F50065BC3F /* Build configuration list for PBXNativeTarget "SleepAnalysis" */ = {
			isa = XCConfigurationList;
			buildConfigurations = (
				409F4E6A291176F50065BC3F /* Debug */,
				409F4E6B291176F50065BC3F /* Release */,
			);
			defaultConfigurationIsVisible = 0;
			defaultConfigurationName = Release;
		};
		409F4E6C291176F50065BC3F /* Build configuration list for PBXNativeTarget "SleepAnalysisTests" */ = {
			isa = XCConfigurationList;
			buildConfigurations = (
				409F4E6D291176F50065BC3F /* Debug */,
				409F4E6E291176F50065BC3F /* Release */,
			);
			defaultConfigurationIsVisible = 0;
			defaultConfigurationName = Release;
		};
		409F4E6F291176F50065BC3F /* Build configuration list for PBXNativeTarget "SleepAnalysisUITests" */ = {
			isa = XCConfigurationList;
			buildConfigurations = (
				409F4E70291176F50065BC3F /* Debug */,
				409F4E71291176F50065BC3F /* Release */,
			);
			defaultConfigurationIsVisible = 0;
			defaultConfigurationName = Release;
		};
/* End XCConfigurationList section */

/* Begin XCRemoteSwiftPackageReference section */
		3C72123F29D275EA000D74FF /* XCRemoteSwiftPackageReference "Gifu" */ = {
			isa = XCRemoteSwiftPackageReference;
			repositoryURL = "https://github.com/kaishin/Gifu.git";
			requirement = {
				branch = master;
				kind = branch;
			};
		};
		40A350AD2917E2E200D3E80C /* XCRemoteSwiftPackageReference "CalendarKit" */ = {
			isa = XCRemoteSwiftPackageReference;
			repositoryURL = "https://github.com/richardtop/CalendarKit.git";
			requirement = {
				kind = upToNextMajorVersion;
				minimumVersion = 1.0.0;
			};
		};
/* End XCRemoteSwiftPackageReference section */

/* Begin XCSwiftPackageProductDependency section */
		40A350AE2917E2E200D3E80C /* CalendarKit */ = {
			isa = XCSwiftPackageProductDependency;
			package = 40A350AD2917E2E200D3E80C /* XCRemoteSwiftPackageReference "CalendarKit" */;
			productName = CalendarKit;
		};
/* End XCSwiftPackageProductDependency section */

/* Begin XCVersionGroup section */
		40C619A9291D6979009369BE /* Main.xcdatamodeld */ = {
			isa = XCVersionGroup;
			children = (
				40C619AA291D6979009369BE /* Main.xcdatamodel */,
			);
			currentVersion = 40C619AA291D6979009369BE /* Main.xcdatamodel */;
			path = Main.xcdatamodeld;
			sourceTree = "<group>";
			versionGroupType = wrapper.xcdatamodel;
		};
/* End XCVersionGroup section */
	};
	rootObject = 409F4E3D291176F30065BC3F /* Project object */;
}
